// !$*UTF8*$!
{
	archiveVersion = 1;
	classes = {
	};
	objectVersion = 56;
	objects = {

/* Begin PBXBuildFile section */
		034EDEEC2A12CFC600DD1087 /* AppDelegate.swift in Sources */ = {isa = PBXBuildFile; fileRef = 034EDEEB2A12CFC600DD1087 /* AppDelegate.swift */; };
		034EDEEE2A12CFC600DD1087 /* SceneDelegate.swift in Sources */ = {isa = PBXBuildFile; fileRef = 034EDEED2A12CFC600DD1087 /* SceneDelegate.swift */; };
		034EDEF02A12CFC600DD1087 /* UserDictionaryViewController.swift in Sources */ = {isa = PBXBuildFile; fileRef = 034EDEEF2A12CFC600DD1087 /* UserDictionaryViewController.swift */; };
		034EDEF32A12CFC600DD1087 /* Main.storyboard in Resources */ = {isa = PBXBuildFile; fileRef = 034EDEF12A12CFC600DD1087 /* Main.storyboard */; };
		034EDEF62A12CFC600DD1087 /* DictionaryData.xcdatamodeld in Sources */ = {isa = PBXBuildFile; fileRef = 034EDEF42A12CFC600DD1087 /* DictionaryData.xcdatamodeld */; };
		034EDEF82A12CFC700DD1087 /* Assets.xcassets in Resources */ = {isa = PBXBuildFile; fileRef = 034EDEF72A12CFC700DD1087 /* Assets.xcassets */; };
		034EDEFB2A12CFC700DD1087 /* LaunchScreen.storyboard in Resources */ = {isa = PBXBuildFile; fileRef = 034EDEF92A12CFC700DD1087 /* LaunchScreen.storyboard */; };
		034EDF072A12DB1B00DD1087 /* WelcomeViewController.swift in Sources */ = {isa = PBXBuildFile; fileRef = 034EDF062A12DB1B00DD1087 /* WelcomeViewController.swift */; };
		034EDF092A14154100DD1087 /* UserDictionaryCell.swift in Sources */ = {isa = PBXBuildFile; fileRef = 034EDF082A14154100DD1087 /* UserDictionaryCell.swift */; };
		034EDF0C2A14158600DD1087 /* Constants.swift in Sources */ = {isa = PBXBuildFile; fileRef = 034EDF0B2A14158600DD1087 /* Constants.swift */; };
		034EDF0E2A141F4100DD1087 /* DictionaryViewController.swift in Sources */ = {isa = PBXBuildFile; fileRef = 034EDF0D2A141F4100DD1087 /* DictionaryViewController.swift */; };
		034EDF122A14226100DD1087 /* DictionaryCell.swift in Sources */ = {isa = PBXBuildFile; fileRef = 034EDF112A14226100DD1087 /* DictionaryCell.swift */; };
		034EDF142A14233200DD1087 /* NewWordModel.swift in Sources */ = {isa = PBXBuildFile; fileRef = 034EDF132A14233200DD1087 /* NewWordModel.swift */; };
		035E06FB2A1AD32D008D9EA2 /* Templates.swift in Sources */ = {isa = PBXBuildFile; fileRef = 035E06FA2A1AD32D008D9EA2 /* Templates.swift */; };
		035E07002A1AD955008D9EA2 /* DictionaryManager.swift in Sources */ = {isa = PBXBuildFile; fileRef = 035E06FF2A1AD955008D9EA2 /* DictionaryManager.swift */; };
		035E07022A1AD993008D9EA2 /* DictionaryAPIData.swift in Sources */ = {isa = PBXBuildFile; fileRef = 035E07012A1AD993008D9EA2 /* DictionaryAPIData.swift */; };
		035E07042A1AD9B7008D9EA2 /* DictionaryModel.swift in Sources */ = {isa = PBXBuildFile; fileRef = 035E07032A1AD9B7008D9EA2 /* DictionaryModel.swift */; };
		035E070B2A201952008D9EA2 /* WordBase.swift in Sources */ = {isa = PBXBuildFile; fileRef = 035E070A2A201952008D9EA2 /* WordBase.swift */; };
		035E07142A212DCC008D9EA2 /* AddWordBottomSheet.swift in Sources */ = {isa = PBXBuildFile; fileRef = 035E07132A212DCC008D9EA2 /* AddWordBottomSheet.swift */; };
		035E071B2A22CC12008D9EA2 /* EditBottomSheet.swift in Sources */ = {isa = PBXBuildFile; fileRef = 035E071A2A22CC12008D9EA2 /* EditBottomSheet.swift */; };
		848C7AFEB0744AB129752CEC /* Pods_SmartDictionary.framework in Frameworks */ = {isa = PBXBuildFile; fileRef = 10F58CD36E44643ECD8896E4 /* Pods_SmartDictionary.framework */; };
/* End PBXBuildFile section */

/* Begin PBXFileReference section */
		034EDEE82A12CFC600DD1087 /* SmartDictionary.app */ = {isa = PBXFileReference; explicitFileType = wrapper.application; includeInIndex = 0; path = SmartDictionary.app; sourceTree = BUILT_PRODUCTS_DIR; };
		034EDEEB2A12CFC600DD1087 /* AppDelegate.swift */ = {isa = PBXFileReference; lastKnownFileType = sourcecode.swift; path = AppDelegate.swift; sourceTree = "<group>"; };
		034EDEED2A12CFC600DD1087 /* SceneDelegate.swift */ = {isa = PBXFileReference; lastKnownFileType = sourcecode.swift; path = SceneDelegate.swift; sourceTree = "<group>"; };
		034EDEEF2A12CFC600DD1087 /* UserDictionaryViewController.swift */ = {isa = PBXFileReference; lastKnownFileType = sourcecode.swift; path = UserDictionaryViewController.swift; sourceTree = "<group>"; };
		034EDEF22A12CFC600DD1087 /* Base */ = {isa = PBXFileReference; lastKnownFileType = file.storyboard; name = Base; path = Base.lproj/Main.storyboard; sourceTree = "<group>"; };
		034EDEF52A12CFC600DD1087 /* SmartDictionary.xcdatamodel */ = {isa = PBXFileReference; lastKnownFileType = wrapper.xcdatamodel; path = SmartDictionary.xcdatamodel; sourceTree = "<group>"; };
		034EDEF72A12CFC700DD1087 /* Assets.xcassets */ = {isa = PBXFileReference; lastKnownFileType = folder.assetcatalog; path = Assets.xcassets; sourceTree = "<group>"; };
		034EDEFA2A12CFC700DD1087 /* Base */ = {isa = PBXFileReference; lastKnownFileType = file.storyboard; name = Base; path = Base.lproj/LaunchScreen.storyboard; sourceTree = "<group>"; };
		034EDEFC2A12CFC700DD1087 /* Info.plist */ = {isa = PBXFileReference; lastKnownFileType = text.plist.xml; path = Info.plist; sourceTree = "<group>"; };
		034EDF062A12DB1B00DD1087 /* WelcomeViewController.swift */ = {isa = PBXFileReference; lastKnownFileType = sourcecode.swift; path = WelcomeViewController.swift; sourceTree = "<group>"; };
		034EDF082A14154100DD1087 /* UserDictionaryCell.swift */ = {isa = PBXFileReference; lastKnownFileType = sourcecode.swift; path = UserDictionaryCell.swift; sourceTree = "<group>"; };
		034EDF0B2A14158600DD1087 /* Constants.swift */ = {isa = PBXFileReference; lastKnownFileType = sourcecode.swift; path = Constants.swift; sourceTree = "<group>"; };
		034EDF0D2A141F4100DD1087 /* DictionaryViewController.swift */ = {isa = PBXFileReference; lastKnownFileType = sourcecode.swift; path = DictionaryViewController.swift; sourceTree = "<group>"; };
		034EDF112A14226100DD1087 /* DictionaryCell.swift */ = {isa = PBXFileReference; lastKnownFileType = sourcecode.swift; path = DictionaryCell.swift; sourceTree = "<group>"; };
		034EDF132A14233200DD1087 /* NewWordModel.swift */ = {isa = PBXFileReference; lastKnownFileType = sourcecode.swift; path = NewWordModel.swift; sourceTree = "<group>"; };
		035E06FA2A1AD32D008D9EA2 /* Templates.swift */ = {isa = PBXFileReference; lastKnownFileType = sourcecode.swift; path = Templates.swift; sourceTree = "<group>"; };
		035E06FF2A1AD955008D9EA2 /* DictionaryManager.swift */ = {isa = PBXFileReference; lastKnownFileType = sourcecode.swift; path = DictionaryManager.swift; sourceTree = "<group>"; };
		035E07012A1AD993008D9EA2 /* DictionaryAPIData.swift */ = {isa = PBXFileReference; lastKnownFileType = sourcecode.swift; path = DictionaryAPIData.swift; sourceTree = "<group>"; };
		035E07032A1AD9B7008D9EA2 /* DictionaryModel.swift */ = {isa = PBXFileReference; lastKnownFileType = sourcecode.swift; path = DictionaryModel.swift; sourceTree = "<group>"; };
		035E070A2A201952008D9EA2 /* WordBase.swift */ = {isa = PBXFileReference; lastKnownFileType = sourcecode.swift; path = WordBase.swift; sourceTree = "<group>"; };
		035E07132A212DCC008D9EA2 /* AddWordBottomSheet.swift */ = {isa = PBXFileReference; lastKnownFileType = sourcecode.swift; path = AddWordBottomSheet.swift; sourceTree = "<group>"; };
		035E071A2A22CC12008D9EA2 /* EditBottomSheet.swift */ = {isa = PBXFileReference; lastKnownFileType = sourcecode.swift; path = EditBottomSheet.swift; sourceTree = "<group>"; };
		10F58CD36E44643ECD8896E4 /* Pods_SmartDictionary.framework */ = {isa = PBXFileReference; explicitFileType = wrapper.framework; includeInIndex = 0; path = Pods_SmartDictionary.framework; sourceTree = BUILT_PRODUCTS_DIR; };
		D9FBA0170069BB70132B7C6F /* Pods-SmartDictionary.debug.xcconfig */ = {isa = PBXFileReference; includeInIndex = 1; lastKnownFileType = text.xcconfig; name = "Pods-SmartDictionary.debug.xcconfig"; path = "Target Support Files/Pods-SmartDictionary/Pods-SmartDictionary.debug.xcconfig"; sourceTree = "<group>"; };
		ED611777528C7176E6DAB9D2 /* Pods-SmartDictionary.release.xcconfig */ = {isa = PBXFileReference; includeInIndex = 1; lastKnownFileType = text.xcconfig; name = "Pods-SmartDictionary.release.xcconfig"; path = "Target Support Files/Pods-SmartDictionary/Pods-SmartDictionary.release.xcconfig"; sourceTree = "<group>"; };
/* End PBXFileReference section */

/* Begin PBXFrameworksBuildPhase section */
		034EDEE52A12CFC600DD1087 /* Frameworks */ = {
			isa = PBXFrameworksBuildPhase;
			buildActionMask = 2147483647;
			files = (
				848C7AFEB0744AB129752CEC /* Pods_SmartDictionary.framework in Frameworks */,
			);
			runOnlyForDeploymentPostprocessing = 0;
		};
/* End PBXFrameworksBuildPhase section */

/* Begin PBXGroup section */
		034EDEDF2A12CFC500DD1087 = {
			isa = PBXGroup;
			children = (
				034EDEEA2A12CFC600DD1087 /* SmartDictionary */,
				034EDEE92A12CFC600DD1087 /* Products */,
				3C577E9CD95D1506AF922C20 /* Pods */,
				AEBD05DC69ED59845664D522 /* Frameworks */,
			);
			sourceTree = "<group>";
		};
		034EDEE92A12CFC600DD1087 /* Products */ = {
			isa = PBXGroup;
			children = (
				034EDEE82A12CFC600DD1087 /* SmartDictionary.app */,
			);
			name = Products;
			sourceTree = "<group>";
		};
		034EDEEA2A12CFC600DD1087 /* SmartDictionary */ = {
			isa = PBXGroup;
			children = (
				034EDEEB2A12CFC600DD1087 /* AppDelegate.swift */,
				034EDEED2A12CFC600DD1087 /* SceneDelegate.swift */,
				034EDF0A2A14156000DD1087 /* Model */,
				034EDF102A141FF500DD1087 /* View */,
				034EDF0F2A141FCB00DD1087 /* Controllers */,
				035E06F92A1931D0008D9EA2 /* Support Files */,
				034EDEFC2A12CFC700DD1087 /* Info.plist */,
			);
			path = SmartDictionary;
			sourceTree = "<group>";
		};
		034EDF0A2A14156000DD1087 /* Model */ = {
			isa = PBXGroup;
			children = (
				035E06FE2A1AD906008D9EA2 /* Yandex.dictionary API */,
				035E06FC2A1AD855008D9EA2 /* CoreData */,
				035E07102A20E030008D9EA2 /* Templates */,
			);
			path = Model;
			sourceTree = "<group>";
		};
		034EDF0F2A141FCB00DD1087 /* Controllers */ = {
			isa = PBXGroup;
			children = (
				034EDF062A12DB1B00DD1087 /* WelcomeViewController.swift */,
				034EDEEF2A12CFC600DD1087 /* UserDictionaryViewController.swift */,
				034EDF0D2A141F4100DD1087 /* DictionaryViewController.swift */,
				035E071C2A22CC1C008D9EA2 /* BottomSheets */,
			);
			path = Controllers;
			sourceTree = "<group>";
		};
		034EDF102A141FF500DD1087 /* View */ = {
			isa = PBXGroup;
			children = (
				035E06FD2A1AD89C008D9EA2 /* Cells */,
				034EDEF12A12CFC600DD1087 /* Main.storyboard */,
			);
			path = View;
			sourceTree = "<group>";
		};
		035E06F92A1931D0008D9EA2 /* Support Files */ = {
			isa = PBXGroup;
			children = (
				034EDEF72A12CFC700DD1087 /* Assets.xcassets */,
				034EDEF92A12CFC700DD1087 /* LaunchScreen.storyboard */,
			);
			path = "Support Files";
			sourceTree = "<group>";
		};
		035E06FC2A1AD855008D9EA2 /* CoreData */ = {
			isa = PBXGroup;
			children = (
				034EDEF42A12CFC600DD1087 /* DictionaryData.xcdatamodeld */,
				034EDF132A14233200DD1087 /* NewWordModel.swift */,
			);
			path = CoreData;
			sourceTree = "<group>";
		};
		035E06FD2A1AD89C008D9EA2 /* Cells */ = {
			isa = PBXGroup;
			children = (
				034EDF082A14154100DD1087 /* UserDictionaryCell.swift */,
				034EDF112A14226100DD1087 /* DictionaryCell.swift */,
			);
			path = Cells;
			sourceTree = "<group>";
		};
		035E06FE2A1AD906008D9EA2 /* Yandex.dictionary API */ = {
			isa = PBXGroup;
			children = (
				035E06FF2A1AD955008D9EA2 /* DictionaryManager.swift */,
				035E07012A1AD993008D9EA2 /* DictionaryAPIData.swift */,
				035E07032A1AD9B7008D9EA2 /* DictionaryModel.swift */,
			);
			path = "Yandex.dictionary API";
			sourceTree = "<group>";
		};
		035E07102A20E030008D9EA2 /* Templates */ = {
			isa = PBXGroup;
			children = (
				034EDF0B2A14158600DD1087 /* Constants.swift */,
				035E06FA2A1AD32D008D9EA2 /* Templates.swift */,
				035E070A2A201952008D9EA2 /* WordBase.swift */,
			);
			path = Templates;
			sourceTree = "<group>";
		};
		035E071C2A22CC1C008D9EA2 /* BottomSheets */ = {
			isa = PBXGroup;
			children = (
				035E07132A212DCC008D9EA2 /* AddWordBottomSheet.swift */,
				035E071A2A22CC12008D9EA2 /* EditBottomSheet.swift */,
			);
			path = BottomSheets;
			sourceTree = "<group>";
		};
		3C577E9CD95D1506AF922C20 /* Pods */ = {
			isa = PBXGroup;
			children = (
				D9FBA0170069BB70132B7C6F /* Pods-SmartDictionary.debug.xcconfig */,
				ED611777528C7176E6DAB9D2 /* Pods-SmartDictionary.release.xcconfig */,
			);
			path = Pods;
			sourceTree = "<group>";
		};
		AEBD05DC69ED59845664D522 /* Frameworks */ = {
			isa = PBXGroup;
			children = (
				10F58CD36E44643ECD8896E4 /* Pods_SmartDictionary.framework */,
			);
			name = Frameworks;
			sourceTree = "<group>";
		};
/* End PBXGroup section */

/* Begin PBXNativeTarget section */
		034EDEE72A12CFC600DD1087 /* SmartDictionary */ = {
			isa = PBXNativeTarget;
			buildConfigurationList = 034EDEFF2A12CFC700DD1087 /* Build configuration list for PBXNativeTarget "SmartDictionary" */;
			buildPhases = (
				9CDE528751F4325B11D5E921 /* [CP] Check Pods Manifest.lock */,
				034EDEE42A12CFC600DD1087 /* Sources */,
				034EDEE52A12CFC600DD1087 /* Frameworks */,
				034EDEE62A12CFC600DD1087 /* Resources */,
			);
			buildRules = (
			);
			dependencies = (
			);
			name = SmartDictionary;
			productName = SmartDictionary;
			productReference = 034EDEE82A12CFC600DD1087 /* SmartDictionary.app */;
			productType = "com.apple.product-type.application";
		};
/* End PBXNativeTarget section */

/* Begin PBXProject section */
		034EDEE02A12CFC500DD1087 /* Project object */ = {
			isa = PBXProject;
			attributes = {
				BuildIndependentTargetsInParallel = 1;
				LastSwiftUpdateCheck = 1420;
				LastUpgradeCheck = 1420;
				TargetAttributes = {
					034EDEE72A12CFC600DD1087 = {
						CreatedOnToolsVersion = 14.2;
					};
				};
			};
			buildConfigurationList = 034EDEE32A12CFC500DD1087 /* Build configuration list for PBXProject "SmartDictionary" */;
			compatibilityVersion = "Xcode 14.0";
			developmentRegion = en;
			hasScannedForEncodings = 0;
			knownRegions = (
				en,
				Base,
			);
			mainGroup = 034EDEDF2A12CFC500DD1087;
			productRefGroup = 034EDEE92A12CFC600DD1087 /* Products */;
			projectDirPath = "";
			projectRoot = "";
			targets = (
				034EDEE72A12CFC600DD1087 /* SmartDictionary */,
			);
		};
/* End PBXProject section */

/* Begin PBXResourcesBuildPhase section */
		034EDEE62A12CFC600DD1087 /* Resources */ = {
			isa = PBXResourcesBuildPhase;
			buildActionMask = 2147483647;
			files = (
				034EDEFB2A12CFC700DD1087 /* LaunchScreen.storyboard in Resources */,
				034EDEF82A12CFC700DD1087 /* Assets.xcassets in Resources */,
				034EDEF32A12CFC600DD1087 /* Main.storyboard in Resources */,
			);
			runOnlyForDeploymentPostprocessing = 0;
		};
/* End PBXResourcesBuildPhase section */

/* Begin PBXShellScriptBuildPhase section */
		9CDE528751F4325B11D5E921 /* [CP] Check Pods Manifest.lock */ = {
			isa = PBXShellScriptBuildPhase;
			buildActionMask = 2147483647;
			files = (
			);
			inputFileListPaths = (
			);
			inputPaths = (
				"${PODS_PODFILE_DIR_PATH}/Podfile.lock",
				"${PODS_ROOT}/Manifest.lock",
			);
			name = "[CP] Check Pods Manifest.lock";
			outputFileListPaths = (
			);
			outputPaths = (
				"$(DERIVED_FILE_DIR)/Pods-SmartDictionary-checkManifestLockResult.txt",
			);
			runOnlyForDeploymentPostprocessing = 0;
			shellPath = /bin/sh;
			shellScript = "diff \"${PODS_PODFILE_DIR_PATH}/Podfile.lock\" \"${PODS_ROOT}/Manifest.lock\" > /dev/null\nif [ $? != 0 ] ; then\n    # print error to STDERR\n    echo \"error: The sandbox is not in sync with the Podfile.lock. Run 'pod install' or update your CocoaPods installation.\" >&2\n    exit 1\nfi\n# This output is used by Xcode 'outputs' to avoid re-running this script phase.\necho \"SUCCESS\" > \"${SCRIPT_OUTPUT_FILE_0}\"\n";
			showEnvVarsInLog = 0;
		};
/* End PBXShellScriptBuildPhase section */

/* Begin PBXSourcesBuildPhase section */
		034EDEE42A12CFC600DD1087 /* Sources */ = {
			isa = PBXSourcesBuildPhase;
			buildActionMask = 2147483647;
			files = (
				034EDF122A14226100DD1087 /* DictionaryCell.swift in Sources */,
				035E07042A1AD9B7008D9EA2 /* DictionaryModel.swift in Sources */,
				034EDEF02A12CFC600DD1087 /* UserDictionaryViewController.swift in Sources */,
				035E06FB2A1AD32D008D9EA2 /* Templates.swift in Sources */,
				034EDF072A12DB1B00DD1087 /* WelcomeViewController.swift in Sources */,
				034EDEF62A12CFC600DD1087 /* DictionaryData.xcdatamodeld in Sources */,
				034EDEEC2A12CFC600DD1087 /* AppDelegate.swift in Sources */,
				035E07142A212DCC008D9EA2 /* AddWordBottomSheet.swift in Sources */,
				034EDF0C2A14158600DD1087 /* Constants.swift in Sources */,
				034EDF092A14154100DD1087 /* UserDictionaryCell.swift in Sources */,
				035E070B2A201952008D9EA2 /* WordBase.swift in Sources */,
				034EDF0E2A141F4100DD1087 /* DictionaryViewController.swift in Sources */,
				034EDF142A14233200DD1087 /* NewWordModel.swift in Sources */,
				034EDEEE2A12CFC600DD1087 /* SceneDelegate.swift in Sources */,
				035E07022A1AD993008D9EA2 /* DictionaryAPIData.swift in Sources */,
				035E07002A1AD955008D9EA2 /* DictionaryManager.swift in Sources */,
				035E071B2A22CC12008D9EA2 /* EditBottomSheet.swift in Sources */,
			);
			runOnlyForDeploymentPostprocessing = 0;
		};
/* End PBXSourcesBuildPhase section */

/* Begin PBXVariantGroup section */
		034EDEF12A12CFC600DD1087 /* Main.storyboard */ = {
			isa = PBXVariantGroup;
			children = (
				034EDEF22A12CFC600DD1087 /* Base */,
			);
			name = Main.storyboard;
			sourceTree = "<group>";
		};
		034EDEF92A12CFC700DD1087 /* LaunchScreen.storyboard */ = {
			isa = PBXVariantGroup;
			children = (
				034EDEFA2A12CFC700DD1087 /* Base */,
			);
			name = LaunchScreen.storyboard;
			sourceTree = "<group>";
		};
/* End PBXVariantGroup section */

/* Begin XCBuildConfiguration section */
		034EDEFD2A12CFC700DD1087 /* Debug */ = {
			isa = XCBuildConfiguration;
			buildSettings = {
				ALWAYS_SEARCH_USER_PATHS = NO;
				CLANG_ANALYZER_NONNULL = YES;
				CLANG_ANALYZER_NUMBER_OBJECT_CONVERSION = YES_AGGRESSIVE;
				CLANG_CXX_LANGUAGE_STANDARD = "gnu++20";
				CLANG_ENABLE_MODULES = YES;
				CLANG_ENABLE_OBJC_ARC = YES;
				CLANG_ENABLE_OBJC_WEAK = YES;
				CLANG_WARN_BLOCK_CAPTURE_AUTORELEASING = YES;
				CLANG_WARN_BOOL_CONVERSION = YES;
				CLANG_WARN_COMMA = YES;
				CLANG_WARN_CONSTANT_CONVERSION = YES;
				CLANG_WARN_DEPRECATED_OBJC_IMPLEMENTATIONS = YES;
				CLANG_WARN_DIRECT_OBJC_ISA_USAGE = YES_ERROR;
				CLANG_WARN_DOCUMENTATION_COMMENTS = YES;
				CLANG_WARN_EMPTY_BODY = YES;
				CLANG_WARN_ENUM_CONVERSION = YES;
				CLANG_WARN_INFINITE_RECURSION = YES;
				CLANG_WARN_INT_CONVERSION = YES;
				CLANG_WARN_NON_LITERAL_NULL_CONVERSION = YES;
				CLANG_WARN_OBJC_IMPLICIT_RETAIN_SELF = YES;
				CLANG_WARN_OBJC_LITERAL_CONVERSION = YES;
				CLANG_WARN_OBJC_ROOT_CLASS = YES_ERROR;
				CLANG_WARN_QUOTED_INCLUDE_IN_FRAMEWORK_HEADER = YES;
				CLANG_WARN_RANGE_LOOP_ANALYSIS = YES;
				CLANG_WARN_STRICT_PROTOTYPES = YES;
				CLANG_WARN_SUSPICIOUS_MOVE = YES;
				CLANG_WARN_UNGUARDED_AVAILABILITY = YES_AGGRESSIVE;
				CLANG_WARN_UNREACHABLE_CODE = YES;
				CLANG_WARN__DUPLICATE_METHOD_MATCH = YES;
				COPY_PHASE_STRIP = NO;
				DEBUG_INFORMATION_FORMAT = dwarf;
				ENABLE_STRICT_OBJC_MSGSEND = YES;
				ENABLE_TESTABILITY = YES;
				GCC_C_LANGUAGE_STANDARD = gnu11;
				GCC_DYNAMIC_NO_PIC = NO;
				GCC_NO_COMMON_BLOCKS = YES;
				GCC_OPTIMIZATION_LEVEL = 0;
				GCC_PREPROCESSOR_DEFINITIONS = (
					"DEBUG=1",
					"$(inherited)",
				);
				GCC_WARN_64_TO_32_BIT_CONVERSION = YES;
				GCC_WARN_ABOUT_RETURN_TYPE = YES_ERROR;
				GCC_WARN_UNDECLARED_SELECTOR = YES;
				GCC_WARN_UNINITIALIZED_AUTOS = YES_AGGRESSIVE;
				GCC_WARN_UNUSED_FUNCTION = YES;
				GCC_WARN_UNUSED_VARIABLE = YES;
				IPHONEOS_DEPLOYMENT_TARGET = 16.2;
				MTL_ENABLE_DEBUG_INFO = INCLUDE_SOURCE;
				MTL_FAST_MATH = YES;
				ONLY_ACTIVE_ARCH = YES;
				SDKROOT = iphoneos;
				SWIFT_ACTIVE_COMPILATION_CONDITIONS = DEBUG;
				SWIFT_OPTIMIZATION_LEVEL = "-Onone";
			};
			name = Debug;
		};
		034EDEFE2A12CFC700DD1087 /* Release */ = {
			isa = XCBuildConfiguration;
			buildSettings = {
				ALWAYS_SEARCH_USER_PATHS = NO;
				CLANG_ANALYZER_NONNULL = YES;
				CLANG_ANALYZER_NUMBER_OBJECT_CONVERSION = YES_AGGRESSIVE;
				CLANG_CXX_LANGUAGE_STANDARD = "gnu++20";
				CLANG_ENABLE_MODULES = YES;
				CLANG_ENABLE_OBJC_ARC = YES;
				CLANG_ENABLE_OBJC_WEAK = YES;
				CLANG_WARN_BLOCK_CAPTURE_AUTORELEASING = YES;
				CLANG_WARN_BOOL_CONVERSION = YES;
				CLANG_WARN_COMMA = YES;
				CLANG_WARN_CONSTANT_CONVERSION = YES;
				CLANG_WARN_DEPRECATED_OBJC_IMPLEMENTATIONS = YES;
				CLANG_WARN_DIRECT_OBJC_ISA_USAGE = YES_ERROR;
				CLANG_WARN_DOCUMENTATION_COMMENTS = YES;
				CLANG_WARN_EMPTY_BODY = YES;
				CLANG_WARN_ENUM_CONVERSION = YES;
				CLANG_WARN_INFINITE_RECURSION = YES;
				CLANG_WARN_INT_CONVERSION = YES;
				CLANG_WARN_NON_LITERAL_NULL_CONVERSION = YES;
				CLANG_WARN_OBJC_IMPLICIT_RETAIN_SELF = YES;
				CLANG_WARN_OBJC_LITERAL_CONVERSION = YES;
				CLANG_WARN_OBJC_ROOT_CLASS = YES_ERROR;
				CLANG_WARN_QUOTED_INCLUDE_IN_FRAMEWORK_HEADER = YES;
				CLANG_WARN_RANGE_LOOP_ANALYSIS = YES;
				CLANG_WARN_STRICT_PROTOTYPES = YES;
				CLANG_WARN_SUSPICIOUS_MOVE = YES;
				CLANG_WARN_UNGUARDED_AVAILABILITY = YES_AGGRESSIVE;
				CLANG_WARN_UNREACHABLE_CODE = YES;
				CLANG_WARN__DUPLICATE_METHOD_MATCH = YES;
				COPY_PHASE_STRIP = NO;
				DEBUG_INFORMATION_FORMAT = "dwarf-with-dsym";
				ENABLE_NS_ASSERTIONS = NO;
				ENABLE_STRICT_OBJC_MSGSEND = YES;
				GCC_C_LANGUAGE_STANDARD = gnu11;
				GCC_NO_COMMON_BLOCKS = YES;
				GCC_WARN_64_TO_32_BIT_CONVERSION = YES;
				GCC_WARN_ABOUT_RETURN_TYPE = YES_ERROR;
				GCC_WARN_UNDECLARED_SELECTOR = YES;
				GCC_WARN_UNINITIALIZED_AUTOS = YES_AGGRESSIVE;
				GCC_WARN_UNUSED_FUNCTION = YES;
				GCC_WARN_UNUSED_VARIABLE = YES;
				IPHONEOS_DEPLOYMENT_TARGET = 16.2;
				MTL_ENABLE_DEBUG_INFO = NO;
				MTL_FAST_MATH = YES;
				SDKROOT = iphoneos;
				SWIFT_COMPILATION_MODE = wholemodule;
				SWIFT_OPTIMIZATION_LEVEL = "-O";
				VALIDATE_PRODUCT = YES;
			};
			name = Release;
		};
		034EDF002A12CFC700DD1087 /* Debug */ = {
			isa = XCBuildConfiguration;
			baseConfigurationReference = D9FBA0170069BB70132B7C6F /* Pods-SmartDictionary.debug.xcconfig */;
			buildSettings = {
				ASSETCATALOG_COMPILER_APPICON_NAME = AppIcon;
				ASSETCATALOG_COMPILER_GLOBAL_ACCENT_COLOR_NAME = AccentColor;
				CODE_SIGN_STYLE = Automatic;
				CURRENT_PROJECT_VERSION = 1;
				DEVELOPMENT_TEAM = 5G3L9PJKC3;
				GENERATE_INFOPLIST_FILE = YES;
				INFOPLIST_FILE = SmartDictionary/Info.plist;
				INFOPLIST_KEY_UIApplicationSupportsIndirectInputEvents = YES;
				INFOPLIST_KEY_UILaunchStoryboardName = LaunchScreen;
				INFOPLIST_KEY_UIMainStoryboardFile = Main;
				INFOPLIST_KEY_UISupportedInterfaceOrientations_iPad = "UIInterfaceOrientationPortrait UIInterfaceOrientationPortraitUpsideDown UIInterfaceOrientationLandscapeLeft UIInterfaceOrientationLandscapeRight";
				INFOPLIST_KEY_UISupportedInterfaceOrientations_iPhone = "UIInterfaceOrientationPortrait UIInterfaceOrientationLandscapeLeft UIInterfaceOrientationLandscapeRight";
				LD_RUNPATH_SEARCH_PATHS = (
					"$(inherited)",
					"@executable_path/Frameworks",
				);
				MARKETING_VERSION = 1.0;
				PRODUCT_BUNDLE_IDENTIFIER = sashabravos.SmartDictionary;
				PRODUCT_NAME = "$(TARGET_NAME)";
				SWIFT_EMIT_LOC_STRINGS = YES;
				SWIFT_VERSION = 5.0;
				TARGETED_DEVICE_FAMILY = "1,2";
			};
			name = Debug;
		};
		034EDF012A12CFC700DD1087 /* Release */ = {
			isa = XCBuildConfiguration;
			baseConfigurationReference = ED611777528C7176E6DAB9D2 /* Pods-SmartDictionary.release.xcconfig */;
			buildSettings = {
				ASSETCATALOG_COMPILER_APPICON_NAME = AppIcon;
				ASSETCATALOG_COMPILER_GLOBAL_ACCENT_COLOR_NAME = AccentColor;
				CODE_SIGN_STYLE = Automatic;
				CURRENT_PROJECT_VERSION = 1;
				DEVELOPMENT_TEAM = 5G3L9PJKC3;
				GENERATE_INFOPLIST_FILE = YES;
				INFOPLIST_FILE = SmartDictionary/Info.plist;
				INFOPLIST_KEY_UIApplicationSupportsIndirectInputEvents = YES;
				INFOPLIST_KEY_UILaunchStoryboardName = LaunchScreen;
				INFOPLIST_KEY_UIMainStoryboardFile = Main;
				INFOPLIST_KEY_UISupportedInterfaceOrientations_iPad = "UIInterfaceOrientationPortrait UIInterfaceOrientationPortraitUpsideDown UIInterfaceOrientationLandscapeLeft UIInterfaceOrientationLandscapeRight";
				INFOPLIST_KEY_UISupportedInterfaceOrientations_iPhone = "UIInterfaceOrientationPortrait UIInterfaceOrientationLandscapeLeft UIInterfaceOrientationLandscapeRight";
				LD_RUNPATH_SEARCH_PATHS = (
					"$(inherited)",
					"@executable_path/Frameworks",
				);
				MARKETING_VERSION = 1.0;
				PRODUCT_BUNDLE_IDENTIFIER = sashabravos.SmartDictionary;
				PRODUCT_NAME = "$(TARGET_NAME)";
				SWIFT_EMIT_LOC_STRINGS = YES;
				SWIFT_VERSION = 5.0;
				TARGETED_DEVICE_FAMILY = "1,2";
			};
			name = Release;
		};
/* End XCBuildConfiguration section */

/* Begin XCConfigurationList section */
		034EDEE32A12CFC500DD1087 /* Build configuration list for PBXProject "SmartDictionary" */ = {
			isa = XCConfigurationList;
			buildConfigurations = (
				034EDEFD2A12CFC700DD1087 /* Debug */,
				034EDEFE2A12CFC700DD1087 /* Release */,
			);
			defaultConfigurationIsVisible = 0;
			defaultConfigurationName = Release;
		};
		034EDEFF2A12CFC700DD1087 /* Build configuration list for PBXNativeTarget "SmartDictionary" */ = {
			isa = XCConfigurationList;
			buildConfigurations = (
				034EDF002A12CFC700DD1087 /* Debug */,
				034EDF012A12CFC700DD1087 /* Release */,
			);
			defaultConfigurationIsVisible = 0;
			defaultConfigurationName = Release;
		};
/* End XCConfigurationList section */

/* Begin XCVersionGroup section */
		034EDEF42A12CFC600DD1087 /* DictionaryData.xcdatamodeld */ = {
			isa = XCVersionGroup;
			children = (
				034EDEF52A12CFC600DD1087 /* SmartDictionary.xcdatamodel */,
			);
			currentVersion = 034EDEF52A12CFC600DD1087 /* SmartDictionary.xcdatamodel */;
			path = DictionaryData.xcdatamodeld;
			sourceTree = "<group>";
			versionGroupType = wrapper.xcdatamodel;
		};
/* End XCVersionGroup section */
	};
	rootObject = 034EDEE02A12CFC500DD1087 /* Project object */;
}
